
Microsoft Visual Studio Solution File, Format Version 12.00
# Visual Studio 15
VisualStudioVersion = 15.0.27428.2043
MinimumVisualStudioVersion = 10.0.40219.1
Project("{FAE04EC0-301F-11D3-BF4B-00C04F79EFBC}") = "DemoMsSql", "DemoMsSql\DemoMsSql.csproj", "{7DBAE4EE-BB05-496F-9646-2B5408958A8B}"
EndProject
Global
	GlobalSection(SolutionConfigurationPlatforms) = preSolution
		Debug|Any CPU = Debug|Any CPU
		Release|Any CPU = Release|Any CPU
	EndGlobalSection
	GlobalSection(ProjectConfigurationPlatforms) = postSolution
		{7DBAE4EE-BB05-496F-9646-2B5408958A8B}.Debug|Any CPU.ActiveCfg = Debug|Any CPU
		{7DBAE4EE-BB05-496F-9646-2B5408958A8B}.Debug|Any CPU.Build.0 = Debug|Any CPU
		{7DBAE4EE-BB05-496F-9646-2B5408958A8B}.Release|Any CPU.ActiveCfg = Release|Any CPU
		{7DBAE4EE-BB05-496F-9646-2B5408958A8B}.Release|Any CPU.Build.0 = Release|Any CPU
	EndGlobalSection
	GlobalSection(SolutionProperties) = preSolution
		HideSolutionNode = FALSE
	EndGlobalSection
	GlobalSection(ExtensibilityGlobals) = postSolution
		SolutionGuid = {0C31A31C-C3BB-4251-92E4-889EC81A354A}
	EndGlobalSection
EndGlobal
